
Microsoft Visual Studio Solution File, Format Version 12.00
# Visual Studio Version 17
VisualStudioVersion = 17.13.35806.99
MinimumVisualStudioVersion = 10.0.40219.1
Project("{FAE04EC0-301F-11D3-BF4B-00C04F79EFBC}") = "InventoryManagmentSystem.DAL", "InventoryManagmentSystem.DAL.csproj", "{8BF1D62B-BF88-44F7-8D79-35A17E50FE19}"
EndProject
Project("{FAE04EC0-301F-11D3-BF4B-00C04F79EFBC}") = "InventoryManagmentSystem.BLL", "..\BLL\InventoryManagmentSystem.BLL.csproj", "{00128120-4FC5-4ABF-B9C6-05B404028BF6}"
EndProject
Project("{FAE04EC0-301F-11D3-BF4B-00C04F79EFBC}") = "InventoryManagmentSystem.PL", "..\PresentationLayer\InventoryManagmentSystem.PL.csproj", "{2D702A34-0EED-4111-AD10-FF50460A178C}"
EndProject
Global
	GlobalSection(SolutionConfigurationPlatforms) = preSolution
		Debug|Any CPU = Debug|Any CPU
		Release|Any CPU = Release|Any CPU
	EndGlobalSection
	GlobalSection(ProjectConfigurationPlatforms) = postSolution
		{8BF1D62B-BF88-44F7-8D79-35A17E50FE19}.Debug|Any CPU.ActiveCfg = Debug|Any CPU
		{8BF1D62B-BF88-44F7-8D79-35A17E50FE19}.Debug|Any CPU.Build.0 = Debug|Any CPU
		{8BF1D62B-BF88-44F7-8D79-35A17E50FE19}.Release|Any CPU.ActiveCfg = Release|Any CPU
		{8BF1D62B-BF88-44F7-8D79-35A17E50FE19}.Release|Any CPU.Build.0 = Release|Any CPU
		{00128120-4FC5-4ABF-B9C6-05B404028BF6}.Debug|Any CPU.ActiveCfg = Debug|Any CPU
		{00128120-4FC5-4ABF-B9C6-05B404028BF6}.Debug|Any CPU.Build.0 = Debug|Any CPU
		{00128120-4FC5-4ABF-B9C6-05B404028BF6}.Release|Any CPU.ActiveCfg = Release|Any CPU
		{00128120-4FC5-4ABF-B9C6-05B404028BF6}.Release|Any CPU.Build.0 = Release|Any CPU
		{2D702A34-0EED-4111-AD10-FF50460A178C}.Debug|Any CPU.ActiveCfg = Debug|Any CPU
		{2D702A34-0EED-4111-AD10-FF50460A178C}.Debug|Any CPU.Build.0 = Debug|Any CPU
		{2D702A34-0EED-4111-AD10-FF50460A178C}.Release|Any CPU.ActiveCfg = Release|Any CPU
		{2D702A34-0EED-4111-AD10-FF50460A178C}.Release|Any CPU.Build.0 = Release|Any CPU
	EndGlobalSection
	GlobalSection(SolutionProperties) = preSolution
		HideSolutionNode = FALSE
	EndGlobalSection
	GlobalSection(ExtensibilityGlobals) = postSolution
		SolutionGuid = {D05A002A-816C-4C06-8BE9-49273C733990}
	EndGlobalSection
EndGlobal
